
Microsoft Visual Studio Solution File, Format Version 12.00
# Visual Studio Version 16
VisualStudioVersion = 16.0.29920.165
MinimumVisualStudioVersion = 10.0.40219.1
Project("{8BC9CEB8-8B4A-11D0-8D11-00A0C91BC942}") = "计算器", "计算器.vcxproj", "{E1767BB6-4CC7-490A-B7D8-BA8FAC29A43A}"
EndProject
Global
	GlobalSection(SolutionConfigurationPlatforms) = preSolution
		Debug|x64 = Debug|x64
		Debug|x86 = Debug|x86
		Release|x64 = Release|x64
		Release|x86 = Release|x86
	EndGlobalSection
	GlobalSection(ProjectConfigurationPlatforms) = postSolution
		{E1767BB6-4CC7-490A-B7D8-BA8FAC29A43A}.Debug|x64.ActiveCfg = Debug|x64
		{E1767BB6-4CC7-490A-B7D8-BA8FAC29A43A}.Debug|x64.Build.0 = Debug|x64
		{E1767BB6-4CC7-490A-B7D8-BA8FAC29A43A}.Debug|x86.ActiveCfg = Debug|Win32
		{E1767BB6-4CC7-490A-B7D8-BA8FAC29A43A}.Debug|x86.Build.0 = Debug|Win32
		{E1767BB6-4CC7-490A-B7D8-BA8FAC29A43A}.Release|x64.ActiveCfg = Release|x64
		{E1767BB6-4CC7-490A-B7D8-BA8FAC29A43A}.Release|x64.Build.0 = Release|x64
		{E1767BB6-4CC7-490A-B7D8-BA8FAC29A43A}.Release|x86.ActiveCfg = Release|Win32
		{E1767BB6-4CC7-490A-B7D8-BA8FAC29A43A}.Release|x86.Build.0 = Release|Win32
	EndGlobalSection
	GlobalSection(SolutionProperties) = preSolution
		HideSolutionNode = FALSE
	EndGlobalSection
	GlobalSection(ExtensibilityGlobals) = postSolution
		SolutionGuid = {B3EB68BE-2FE4-4FEF-94DE-850EBBE96BBE}
	EndGlobalSection
EndGlobal
