
Microsoft Visual Studio Solution File, Format Version 12.00
# Visual Studio Version 16
VisualStudioVersion = 16.0.29920.165
MinimumVisualStudioVersion = 10.0.40219.1
Project("{8BC9CEB8-8B4A-11D0-8D11-00A0C91BC942}") = "单链表", "第一周.vcxproj", "{E0D6B8C8-9C7E-4880-B8CB-537FCCD9A964}"
EndProject
Project("{8BC9CEB8-8B4A-11D0-8D11-00A0C91BC942}") = "双链表", "..\双链表\双链表.vcxproj", "{E688B6D1-A4CF-4413-A94B-A41925B77176}"
EndProject
Global
	GlobalSection(SolutionConfigurationPlatforms) = preSolution
		Debug|x64 = Debug|x64
		Debug|x86 = Debug|x86
		Release|x64 = Release|x64
		Release|x86 = Release|x86
	EndGlobalSection
	GlobalSection(ProjectConfigurationPlatforms) = postSolution
		{E0D6B8C8-9C7E-4880-B8CB-537FCCD9A964}.Debug|x64.ActiveCfg = Debug|x64
		{E0D6B8C8-9C7E-4880-B8CB-537FCCD9A964}.Debug|x64.Build.0 = Debug|x64
		{E0D6B8C8-9C7E-4880-B8CB-537FCCD9A964}.Debug|x86.ActiveCfg = Debug|Win32
		{E0D6B8C8-9C7E-4880-B8CB-537FCCD9A964}.Debug|x86.Build.0 = Debug|Win32
		{E0D6B8C8-9C7E-4880-B8CB-537FCCD9A964}.Release|x64.ActiveCfg = Release|x64
		{E0D6B8C8-9C7E-4880-B8CB-537FCCD9A964}.Release|x64.Build.0 = Release|x64
		{E0D6B8C8-9C7E-4880-B8CB-537FCCD9A964}.Release|x86.ActiveCfg = Release|Win32
		{E0D6B8C8-9C7E-4880-B8CB-537FCCD9A964}.Release|x86.Build.0 = Release|Win32
		{E688B6D1-A4CF-4413-A94B-A41925B77176}.Debug|x64.ActiveCfg = Debug|x64
		{E688B6D1-A4CF-4413-A94B-A41925B77176}.Debug|x64.Build.0 = Debug|x64
		{E688B6D1-A4CF-4413-A94B-A41925B77176}.Debug|x86.ActiveCfg = Debug|Win32
		{E688B6D1-A4CF-4413-A94B-A41925B77176}.Debug|x86.Build.0 = Debug|Win32
		{E688B6D1-A4CF-4413-A94B-A41925B77176}.Release|x64.ActiveCfg = Release|x64
		{E688B6D1-A4CF-4413-A94B-A41925B77176}.Release|x64.Build.0 = Release|x64
		{E688B6D1-A4CF-4413-A94B-A41925B77176}.Release|x86.ActiveCfg = Release|Win32
		{E688B6D1-A4CF-4413-A94B-A41925B77176}.Release|x86.Build.0 = Release|Win32
	EndGlobalSection
	GlobalSection(SolutionProperties) = preSolution
		HideSolutionNode = FALSE
	EndGlobalSection
	GlobalSection(ExtensibilityGlobals) = postSolution
		SolutionGuid = {270E9B81-C243-4211-90C3-E8399AFF9D5E}
	EndGlobalSection
EndGlobal
